
Microsoft Visual Studio Solution File, Format Version 12.00
# Visual Studio Version 17
VisualStudioVersion = 17.5.002.0
MinimumVisualStudioVersion = 10.0.40219.1
Project("{9A19103F-16F7-4668-BE54-9A1E7A4F7556}") = "csharp", "csharp.csproj", "{101DCB87-ED59-4B14-9E6F-11C2E5563B44}"
EndProject
Global
	GlobalSection(SolutionConfigurationPlatforms) = preSolution
		Debug|Any CPU = Debug|Any CPU
		Release|Any CPU = Release|Any CPU
	EndGlobalSection
	GlobalSection(ProjectConfigurationPlatforms) = postSolution
		{101DCB87-ED59-4B14-9E6F-11C2E5563B44}.Debug|Any CPU.ActiveCfg = Debug|Any CPU
		{101DCB87-ED59-4B14-9E6F-11C2E5563B44}.Debug|Any CPU.Build.0 = Debug|Any CPU
		{101DCB87-ED59-4B14-9E6F-11C2E5563B44}.Release|Any CPU.ActiveCfg = Release|Any CPU
		{101DCB87-ED59-4B14-9E6F-11C2E5563B44}.Release|Any CPU.Build.0 = Release|Any CPU
	EndGlobalSection
	GlobalSection(SolutionProperties) = preSolution
		HideSolutionNode = FALSE
	EndGlobalSection
	GlobalSection(ExtensibilityGlobals) = postSolution
		SolutionGuid = {84436C29-626E-4DAC-8D93-1E317076B5F8}
	EndGlobalSection
EndGlobal
